{
  "version": 4,
  "terraform_version": "0.13.5",
  "serial": 53,
  "lineage": "b4c1cc11-9e94-3300-ad0b-6d4b6c5e5c5e",
  "outputs": {},
  "resources": [
    {
      "mode": "managed",
      "type": "aws_db_instance",
      "name": "rds_db",
      "provider": "provider[\"registry.terraform.io/hashicorp/aws\"]",
      "instances": [
        {
          "schema_version": 1,
          "attributes": {
            "address": "test-db.cnxrtticfojb.us-east-1.rds.amazonaws.com",
            "allocated_storage": 20,
            "allow_major_version_upgrade": null,
            "apply_immediately": null,
            "arn": "arn:aws:rds:us-east-1:248250821541:db:test-db",
            "auto_minor_version_upgrade": true,
            "availability_zone": "us-east-1c",
            "backup_retention_period": 30,
            "backup_window": "05:14-05:44",
            "ca_cert_identifier": "rds-ca-2019",
            "character_set_name": null,
            "copy_tags_to_snapshot": false,
            "db_subnet_group_name": "mysql-subnet",
            "delete_automated_backups": true,
            "deletion_protection": false,
            "domain": "",
            "domain_iam_role_name": "",
            "enabled_cloudwatch_logs_exports": null,
            "endpoint": "test-db.cnxrtticfojb.us-east-1.rds.amazonaws.com:3306",
            "engine": "mysql",
            "engine_version": "5.6.44",
            "final_snapshot_identifier": null,
            "hosted_zone_id": "Z2R2ITUGPM61AM",
            "iam_database_authentication_enabled": false,
            "id": "test-db",
            "identifier": "test-db",
            "identifier_prefix": null,
            "instance_class": "db.t2.micro",
            "iops": 0,
            "kms_key_id": "",
            "license_model": "general-public-license",
            "maintenance_window": "wed:06:13-wed:06:43",
            "max_allocated_storage": 0,
            "monitoring_interval": 0,
            "monitoring_role_arn": "",
            "multi_az": false,
            "name": "mydb0987654321",
            "option_group_name": "default:mysql-5-6",
            "parameter_group_name": "mysql-para",
            "password": "mysqlpassword",
            "performance_insights_enabled": false,
            "performance_insights_kms_key_id": "",
            "performance_insights_retention_period": 0,
            "port": 3306,
            "publicly_accessible": false,
            "replicas": [],
            "replicate_source_db": "",
            "resource_id": "db-4HNCZC4YBSS5K4SGL34CTZAJQ4",
            "s3_import": [],
            "security_group_names": null,
            "skip_final_snapshot": true,
            "snapshot_identifier": null,
            "status": "available",
            "storage_encrypted": false,
            "storage_type": "gp2",
            "tags": null,
            "timeouts": null,
            "timezone": "",
            "username": "mrawat",
            "vpc_security_group_ids": [
              "sg-02a48b3a4eec45f04"
            ]
          },
          "private": "eyJlMmJmYjczMC1lY2FhLTExZTYtOGY4OC0zNDM2M2JjN2M0YzAiOnsiY3JlYXRlIjoyNDAwMDAwMDAwMDAwLCJkZWxldGUiOjM2MDAwMDAwMDAwMDAsInVwZGF0ZSI6NDgwMDAwMDAwMDAwMH0sInNjaGVtYV92ZXJzaW9uIjoiMSJ9",
          "dependencies": [
            "aws_db_parameter_group.para_9th",
            "aws_db_subnet_group.db_subnet",
            "aws_security_group.db_allow_sec"
          ]
        }
      ]
    },
    {
      "mode": "managed",
      "type": "aws_db_parameter_group",
      "name": "para_9th",
      "provider": "provider[\"registry.terraform.io/hashicorp/aws\"]",
      "instances": [
        {
          "schema_version": 0,
          "attributes": {
            "arn": "arn:aws:rds:us-east-1:248250821541:pg:mysql-para",
            "description": "Managed by Terraform",
            "family": "mysql5.6",
            "id": "mysql-para",
            "name": "mysql-para",
            "name_prefix": null,
            "parameter": [],
            "tags": {}
          },
          "private": "bnVsbA=="
        }
      ]
    },
    {
      "mode": "managed",
      "type": "aws_db_subnet_group",
      "name": "db_subnet",
      "provider": "provider[\"registry.terraform.io/hashicorp/aws\"]",
      "instances": [
        {
          "schema_version": 0,
          "attributes": {
            "arn": "arn:aws:rds:us-east-1:248250821541:subgrp:mysql-subnet",
            "description": "Managed by Terraform",
            "id": "mysql-subnet",
            "name": "mysql-subnet",
            "name_prefix": null,
            "subnet_ids": [
              "subnet-0e5f0669f8873877c",
              "subnet-0fbea772be94fd2c4"
            ],
            "tags": {}
          },
          "private": "bnVsbA==",
          "dependencies": [
            "aws_subnet.subnet_private_1",
            "aws_subnet.subnet_private_2",
            "aws_vpc.myvpc"
          ]
        }
      ]
    },
    {
      "mode": "managed",
      "type": "aws_eip",
      "name": "nat",
      "provider": "provider[\"registry.terraform.io/hashicorp/aws\"]",
      "instances": [
        {
          "schema_version": 0,
          "attributes": {
            "allocation_id": null,
            "associate_with_private_ip": null,
            "association_id": "",
            "customer_owned_ip": "",
            "customer_owned_ipv4_pool": "",
            "domain": "vpc",
            "id": "eipalloc-053517dd216f62621",
            "instance": "",
            "network_border_group": "us-east-1",
            "network_interface": "",
            "private_dns": null,
            "private_ip": "",
            "public_dns": "ec2-52-20-247-206.compute-1.amazonaws.com",
            "public_ip": "52.20.247.206",
            "public_ipv4_pool": "amazon",
            "tags": {
              "Name": "natGW"
            },
            "timeouts": null,
            "vpc": true
          },
          "private": "eyJlMmJmYjczMC1lY2FhLTExZTYtOGY4OC0zNDM2M2JjN2M0YzAiOnsiZGVsZXRlIjoxODAwMDAwMDAwMDAsInJlYWQiOjkwMDAwMDAwMDAwMCwidXBkYXRlIjozMDAwMDAwMDAwMDB9fQ=="
        }
      ]
    },
    {
      "mode": "managed",
      "type": "aws_instance",
      "name": "access_db-server",
      "provider": "provider[\"registry.terraform.io/hashicorp/aws\"]",
      "instances": [
        {
          "schema_version": 1,
          "attributes": {
            "ami": "ami-0817d428a6fb68645",
            "arn": "arn:aws:ec2:us-east-1:248250821541:instance/i-03ad0bc5650a5f9ad",
            "associate_public_ip_address": true,
            "availability_zone": "us-east-1a",
            "cpu_core_count": 1,
            "cpu_threads_per_core": 1,
            "credit_specification": [
              {
                "cpu_credits": "standard"
              }
            ],
            "disable_api_termination": false,
            "ebs_block_device": [],
            "ebs_optimized": false,
            "ephemeral_block_device": [],
            "get_password_data": false,
            "hibernation": false,
            "host_id": null,
            "iam_instance_profile": "",
            "id": "i-03ad0bc5650a5f9ad",
            "instance_initiated_shutdown_behavior": null,
            "instance_state": "running",
            "instance_type": "t2.micro",
            "ipv6_address_count": 0,
            "ipv6_addresses": [],
            "key_name": "mykey",
            "metadata_options": [
              {
                "http_endpoint": "enabled",
                "http_put_response_hop_limit": 1,
                "http_tokens": "optional"
              }
            ],
            "monitoring": false,
            "network_interface": [],
            "outpost_arn": "",
            "password_data": "",
            "placement_group": "",
            "primary_network_interface_id": "eni-03d92e3503cd3d87d",
            "private_dns": "ip-10-0-1-13.ec2.internal",
            "private_ip": "10.0.1.13",
            "public_dns": "",
            "public_ip": "3.89.38.242",
            "root_block_device": [
              {
                "delete_on_termination": true,
                "device_name": "/dev/sda1",
                "encrypted": false,
                "iops": 100,
                "kms_key_id": "",
                "volume_id": "vol-081fc4ed8b3fddd07",
                "volume_size": 8,
                "volume_type": "gp2"
              }
            ],
            "secondary_private_ips": [],
            "security_groups": [],
            "source_dest_check": true,
            "subnet_id": "subnet-0145e408b42d4a711",
            "tags": {
              "Name": "Access_DB",
              "count": "3"
            },
            "tenancy": "default",
            "timeouts": null,
            "user_data": null,
            "user_data_base64": null,
            "volume_tags": {},
            "vpc_security_group_ids": [
              "sg-0099464af035bc4ba"
            ]
          },
          "private": "eyJlMmJmYjczMC1lY2FhLTExZTYtOGY4OC0zNDM2M2JjN2M0YzAiOnsiY3JlYXRlIjo2MDAwMDAwMDAwMDAsImRlbGV0ZSI6MTIwMDAwMDAwMDAwMCwidXBkYXRlIjo2MDAwMDAwMDAwMDB9LCJzY2hlbWFfdmVyc2lvbiI6IjEifQ==",
          "dependencies": [
            "aws_key_pair.mykey",
            "aws_security_group.allow_sec",
            "aws_subnet.subnet_public",
            "aws_vpc.myvpc"
          ]
        }
      ]
    },
    {
      "mode": "managed",
      "type": "aws_internet_gateway",
      "name": "IGW",
      "provider": "provider[\"registry.terraform.io/hashicorp/aws\"]",
      "instances": [
        {
          "schema_version": 0,
          "attributes": {
            "arn": "arn:aws:ec2:us-east-1:248250821541:internet-gateway/igw-0b3e1403bbacf1433",
            "id": "igw-0b3e1403bbacf1433",
            "owner_id": "248250821541",
            "tags": {
              "Name": "Terra-IGW"
            },
            "vpc_id": "vpc-06f3181b605dc5134"
          },
          "private": "bnVsbA==",
          "dependencies": [
            "aws_vpc.myvpc"
          ]
        }
      ]
    },
    {
      "mode": "managed",
      "type": "aws_key_pair",
      "name": "mykey",
      "provider": "provider[\"registry.terraform.io/hashicorp/aws\"]",
      "instances": [
        {
          "schema_version": 1,
          "attributes": {
            "arn": "arn:aws:ec2:us-east-1:248250821541:key-pair/mykey",
            "fingerprint": "91:af:d3:c5:c6:dc:1a:c4:a8:bb:6f:fe:3c:40:f2:e7",
            "id": "mykey",
            "key_name": "mykey",
            "key_name_prefix": null,
            "key_pair_id": "key-0ac9626ae495082c1",
            "public_key": "ssh-rsa AAAAB3NzaC1yc2EAAAADAQABAAABgQDJyt8XybGrZ9jZB5It6zDN1JGnF+0t/6osRbmoqKs6eFYiWH/ZnBoqA8fg926K4RRImjyy6rWgL3uVP6tPi/s7YHcBPVwaYfkH/DnR237mgJ8EX/ULtqukMO3PTNT4SyD5IzBCpRCSzgvILSpqjNgZvuJthLJugCvenbnFkmX5unvhbSVxWzcFVWvTfIz+Mk5dYAf90bc0BuvYaaKb5QelWO/COm6abMpCK3G1g9CQW3q1ovRYgOPKOqK8ayTFWb+CAMB4yaQwkCoVQbI/VgTrEhPNs8/wgR14CCnHas5dKxRxgOvz7bxaf4y5uCDX1a6UDBCPQwZ2NA7WRfKpS3wX4Rbcx8z8xCobeSyfT4oK45Cs9eTWpARO6hjFTkaRcJZrV5XTLaOxsUr4rR1Qdlm2BRLSuc4/qtztKo9+jFHod4WZ0cmqgruRciwvEsebBziU/JuZYyvncjNjQF5t/KT2WifRRkDo0b6pa2oCiaGuDw+XYp2v+YmxedHvxQDkxQM= mukesh@mukesh-VirtualBox",
            "tags": null
          },
          "private": "eyJzY2hlbWFfdmVyc2lvbiI6IjEifQ=="
        }
      ]
    },
    {
      "mode": "managed",
      "type": "aws_nat_gateway",
      "name": "gw",
      "provider": "provider[\"registry.terraform.io/hashicorp/aws\"]",
      "instances": [
        {
          "schema_version": 0,
          "attributes": {
            "allocation_id": "eipalloc-053517dd216f62621",
            "id": "nat-0c388aadeb2838444",
            "network_interface_id": "eni-06e4ea7485fd4c0c7",
            "private_ip": "10.0.1.8",
            "public_ip": "52.20.247.206",
            "subnet_id": "subnet-0145e408b42d4a711",
            "tags": null
          },
          "private": "bnVsbA==",
          "dependencies": [
            "aws_eip.nat",
            "aws_subnet.subnet_public",
            "aws_vpc.myvpc"
          ]
        }
      ]
    },
    {
      "mode": "managed",
      "type": "aws_route_table",
      "name": "private_route_1",
      "provider": "provider[\"registry.terraform.io/hashicorp/aws\"]",
      "instances": [
        {
          "schema_version": 0,
          "attributes": {
            "id": "rtb-0c6d8734f83577ab6",
            "owner_id": "248250821541",
            "propagating_vgws": [],
            "route": [
              {
                "cidr_block": "0.0.0.0/0",
                "egress_only_gateway_id": "",
                "gateway_id": "",
                "instance_id": "",
                "ipv6_cidr_block": "",
                "local_gateway_id": "",
                "nat_gateway_id": "nat-0c388aadeb2838444",
                "network_interface_id": "",
                "transit_gateway_id": "",
                "vpc_peering_connection_id": ""
              }
            ],
            "tags": {
              "Name": "private route"
            },
            "vpc_id": "vpc-06f3181b605dc5134"
          },
          "private": "bnVsbA==",
          "dependencies": [
            "aws_eip.nat",
            "aws_nat_gateway.gw",
            "aws_subnet.subnet_public",
            "aws_vpc.myvpc"
          ]
        }
      ]
    },
    {
      "mode": "managed",
      "type": "aws_route_table",
      "name": "private_route_2",
      "provider": "provider[\"registry.terraform.io/hashicorp/aws\"]",
      "instances": [
        {
          "schema_version": 0,
          "attributes": {
            "id": "rtb-0ad96b478b56130c7",
            "owner_id": "248250821541",
            "propagating_vgws": [],
            "route": [
              {
                "cidr_block": "0.0.0.0/0",
                "egress_only_gateway_id": "",
                "gateway_id": "",
                "instance_id": "",
                "ipv6_cidr_block": "",
                "local_gateway_id": "",
                "nat_gateway_id": "nat-0c388aadeb2838444",
                "network_interface_id": "",
                "transit_gateway_id": "",
                "vpc_peering_connection_id": ""
              }
            ],
            "tags": {
              "Name": "private route"
            },
            "vpc_id": "vpc-06f3181b605dc5134"
          },
          "private": "bnVsbA==",
          "dependencies": [
            "aws_eip.nat",
            "aws_nat_gateway.gw",
            "aws_subnet.subnet_public",
            "aws_vpc.myvpc"
          ]
        }
      ]
    },
    {
      "mode": "managed",
      "type": "aws_route_table",
      "name": "public_route",
      "provider": "provider[\"registry.terraform.io/hashicorp/aws\"]",
      "instances": [
        {
          "schema_version": 0,
          "attributes": {
            "id": "rtb-09efc75b43b8ad78f",
            "owner_id": "248250821541",
            "propagating_vgws": [],
            "route": [
              {
                "cidr_block": "0.0.0.0/0",
                "egress_only_gateway_id": "",
                "gateway_id": "igw-0b3e1403bbacf1433",
                "instance_id": "",
                "ipv6_cidr_block": "",
                "local_gateway_id": "",
                "nat_gateway_id": "",
                "network_interface_id": "",
                "transit_gateway_id": "",
                "vpc_peering_connection_id": ""
              }
            ],
            "tags": {
              "Name": "public route"
            },
            "vpc_id": "vpc-06f3181b605dc5134"
          },
          "private": "bnVsbA==",
          "dependencies": [
            "aws_internet_gateway.IGW",
            "aws_vpc.myvpc"
          ]
        }
      ]
    },
    {
      "mode": "managed",
      "type": "aws_route_table_association",
      "name": "private_assocation_1",
      "provider": "provider[\"registry.terraform.io/hashicorp/aws\"]",
      "instances": [
        {
          "schema_version": 0,
          "attributes": {
            "gateway_id": null,
            "id": "rtbassoc-02888ecd747581f9b",
            "route_table_id": "rtb-0c6d8734f83577ab6",
            "subnet_id": "subnet-0fbea772be94fd2c4"
          },
          "private": "bnVsbA==",
          "dependencies": [
            "aws_eip.nat",
            "aws_nat_gateway.gw",
            "aws_route_table.private_route_1",
            "aws_subnet.subnet_private_1",
            "aws_subnet.subnet_public",
            "aws_vpc.myvpc"
          ]
        }
      ]
    },
    {
      "mode": "managed",
      "type": "aws_route_table_association",
      "name": "private_assocation_2",
      "provider": "provider[\"registry.terraform.io/hashicorp/aws\"]",
      "instances": [
        {
          "schema_version": 0,
          "attributes": {
            "gateway_id": null,
            "id": "rtbassoc-07a64e4883c9684a3",
            "route_table_id": "rtb-0ad96b478b56130c7",
            "subnet_id": "subnet-0e5f0669f8873877c"
          },
          "private": "bnVsbA==",
          "dependencies": [
            "aws_eip.nat",
            "aws_nat_gateway.gw",
            "aws_route_table.private_route_2",
            "aws_subnet.subnet_private_2",
            "aws_subnet.subnet_public",
            "aws_vpc.myvpc"
          ]
        }
      ]
    },
    {
      "mode": "managed",
      "type": "aws_route_table_association",
      "name": "public_association",
      "provider": "provider[\"registry.terraform.io/hashicorp/aws\"]",
      "instances": [
        {
          "schema_version": 0,
          "attributes": {
            "gateway_id": null,
            "id": "rtbassoc-0b76d21e94bfe06cc",
            "route_table_id": "rtb-09efc75b43b8ad78f",
            "subnet_id": "subnet-0145e408b42d4a711"
          },
          "private": "bnVsbA==",
          "dependencies": [
            "aws_internet_gateway.IGW",
            "aws_route_table.public_route",
            "aws_subnet.subnet_public",
            "aws_vpc.myvpc"
          ]
        }
      ]
    },
    {
      "mode": "managed",
      "type": "aws_security_group",
      "name": "allow_sec",
      "provider": "provider[\"registry.terraform.io/hashicorp/aws\"]",
      "instances": [
        {
          "schema_version": 1,
          "attributes": {
            "arn": "arn:aws:ec2:us-east-1:248250821541:security-group/sg-0099464af035bc4ba",
            "description": "Managed by Terraform",
            "egress": [
              {
                "cidr_blocks": [
                  "0.0.0.0/0"
                ],
                "description": "",
                "from_port": 0,
                "ipv6_cidr_blocks": [],
                "prefix_list_ids": [],
                "protocol": "-1",
                "security_groups": [],
                "self": false,
                "to_port": 0
              }
            ],
            "id": "sg-0099464af035bc4ba",
            "ingress": [
              {
                "cidr_blocks": [
                  "0.0.0.0/0"
                ],
                "description": "",
                "from_port": 22,
                "ipv6_cidr_blocks": [],
                "prefix_list_ids": [],
                "protocol": "tcp",
                "security_groups": [],
                "self": false,
                "to_port": 22
              }
            ],
            "name": "terraform-20201106101803286700000001",
            "name_prefix": "",
            "owner_id": "248250821541",
            "revoke_rules_on_delete": false,
            "tags": {
              "Name": "sec-group-for-web"
            },
            "timeouts": null,
            "vpc_id": "vpc-06f3181b605dc5134"
          },
          "private": "eyJlMmJmYjczMC1lY2FhLTExZTYtOGY4OC0zNDM2M2JjN2M0YzAiOnsiY3JlYXRlIjo2MDAwMDAwMDAwMDAsImRlbGV0ZSI6NjAwMDAwMDAwMDAwfSwic2NoZW1hX3ZlcnNpb24iOiIxIn0=",
          "dependencies": [
            "aws_vpc.myvpc"
          ]
        }
      ]
    },
    {
      "mode": "managed",
      "type": "aws_security_group",
      "name": "db_allow_sec",
      "provider": "provider[\"registry.terraform.io/hashicorp/aws\"]",
      "instances": [
        {
          "schema_version": 1,
          "attributes": {
            "arn": "arn:aws:ec2:us-east-1:248250821541:security-group/sg-02a48b3a4eec45f04",
            "description": "Managed by Terraform",
            "egress": [
              {
                "cidr_blocks": [
                  "0.0.0.0/0"
                ],
                "description": "",
                "from_port": 0,
                "ipv6_cidr_blocks": [],
                "prefix_list_ids": [],
                "protocol": "-1",
                "security_groups": [],
                "self": false,
                "to_port": 0
              }
            ],
            "id": "sg-02a48b3a4eec45f04",
            "ingress": [
              {
                "cidr_blocks": [
                  "0.0.0.0/0"
                ],
                "description": "",
                "from_port": 3306,
                "ipv6_cidr_blocks": [],
                "prefix_list_ids": [],
                "protocol": "tcp",
                "security_groups": [],
                "self": false,
                "to_port": 3306
              }
            ],
            "name": "terraform-20201106072734264000000001",
            "name_prefix": "",
            "owner_id": "248250821541",
            "revoke_rules_on_delete": false,
            "tags": {
              "Name": "sec-group-for-db"
            },
            "timeouts": null,
            "vpc_id": "vpc-06f3181b605dc5134"
          },
          "private": "eyJlMmJmYjczMC1lY2FhLTExZTYtOGY4OC0zNDM2M2JjN2M0YzAiOnsiY3JlYXRlIjo2MDAwMDAwMDAwMDAsImRlbGV0ZSI6NjAwMDAwMDAwMDAwfSwic2NoZW1hX3ZlcnNpb24iOiIxIn0=",
          "dependencies": [
            "aws_vpc.myvpc"
          ]
        }
      ]
    },
    {
      "mode": "managed",
      "type": "aws_subnet",
      "name": "subnet_private_1",
      "provider": "provider[\"registry.terraform.io/hashicorp/aws\"]",
      "instances": [
        {
          "schema_version": 1,
          "attributes": {
            "arn": "arn:aws:ec2:us-east-1:248250821541:subnet/subnet-0fbea772be94fd2c4",
            "assign_ipv6_address_on_creation": false,
            "availability_zone": "us-east-1b",
            "availability_zone_id": "use1-az6",
            "cidr_block": "10.0.2.0/28",
            "id": "subnet-0fbea772be94fd2c4",
            "ipv6_cidr_block": "",
            "ipv6_cidr_block_association_id": "",
            "map_public_ip_on_launch": false,
            "outpost_arn": "",
            "owner_id": "248250821541",
            "tags": {
              "Name": "Subnet_private_1"
            },
            "timeouts": null,
            "vpc_id": "vpc-06f3181b605dc5134"
          },
          "private": "eyJlMmJmYjczMC1lY2FhLTExZTYtOGY4OC0zNDM2M2JjN2M0YzAiOnsiY3JlYXRlIjo2MDAwMDAwMDAwMDAsImRlbGV0ZSI6MTIwMDAwMDAwMDAwMH0sInNjaGVtYV92ZXJzaW9uIjoiMSJ9",
          "dependencies": [
            "aws_vpc.myvpc"
          ]
        }
      ]
    },
    {
      "mode": "managed",
      "type": "aws_subnet",
      "name": "subnet_private_2",
      "provider": "provider[\"registry.terraform.io/hashicorp/aws\"]",
      "instances": [
        {
          "schema_version": 1,
          "attributes": {
            "arn": "arn:aws:ec2:us-east-1:248250821541:subnet/subnet-0e5f0669f8873877c",
            "assign_ipv6_address_on_creation": false,
            "availability_zone": "us-east-1c",
            "availability_zone_id": "use1-az1",
            "cidr_block": "10.0.3.0/28",
            "id": "subnet-0e5f0669f8873877c",
            "ipv6_cidr_block": "",
            "ipv6_cidr_block_association_id": "",
            "map_public_ip_on_launch": false,
            "outpost_arn": "",
            "owner_id": "248250821541",
            "tags": {
              "Name": "Subnet_private_2"
            },
            "timeouts": null,
            "vpc_id": "vpc-06f3181b605dc5134"
          },
          "private": "eyJlMmJmYjczMC1lY2FhLTExZTYtOGY4OC0zNDM2M2JjN2M0YzAiOnsiY3JlYXRlIjo2MDAwMDAwMDAwMDAsImRlbGV0ZSI6MTIwMDAwMDAwMDAwMH0sInNjaGVtYV92ZXJzaW9uIjoiMSJ9",
          "dependencies": [
            "aws_vpc.myvpc"
          ]
        }
      ]
    },
    {
      "mode": "managed",
      "type": "aws_subnet",
      "name": "subnet_public",
      "provider": "provider[\"registry.terraform.io/hashicorp/aws\"]",
      "instances": [
        {
          "schema_version": 1,
          "attributes": {
            "arn": "arn:aws:ec2:us-east-1:248250821541:subnet/subnet-0145e408b42d4a711",
            "assign_ipv6_address_on_creation": false,
            "availability_zone": "us-east-1a",
            "availability_zone_id": "use1-az4",
            "cidr_block": "10.0.1.0/28",
            "id": "subnet-0145e408b42d4a711",
            "ipv6_cidr_block": "",
            "ipv6_cidr_block_association_id": "",
            "map_public_ip_on_launch": true,
            "outpost_arn": "",
            "owner_id": "248250821541",
            "tags": {
              "Name": "Subnet_public"
            },
            "timeouts": null,
            "vpc_id": "vpc-06f3181b605dc5134"
          },
          "private": "eyJlMmJmYjczMC1lY2FhLTExZTYtOGY4OC0zNDM2M2JjN2M0YzAiOnsiY3JlYXRlIjo2MDAwMDAwMDAwMDAsImRlbGV0ZSI6MTIwMDAwMDAwMDAwMH0sInNjaGVtYV92ZXJzaW9uIjoiMSJ9",
          "dependencies": [
            "aws_vpc.myvpc"
          ]
        }
      ]
    },
    {
      "mode": "managed",
      "type": "aws_vpc",
      "name": "myvpc",
      "provider": "provider[\"registry.terraform.io/hashicorp/aws\"]",
      "instances": [
        {
          "schema_version": 1,
          "attributes": {
            "arn": "arn:aws:ec2:us-east-1:248250821541:vpc/vpc-06f3181b605dc5134",
            "assign_generated_ipv6_cidr_block": false,
            "cidr_block": "10.0.0.0/16",
            "default_network_acl_id": "acl-0b1773c79deffe043",
            "default_route_table_id": "rtb-0d8b89caaba36ba02",
            "default_security_group_id": "sg-05449ef03b8ad2627",
            "dhcp_options_id": "dopt-4eaf4a34",
            "enable_classiclink": false,
            "enable_classiclink_dns_support": false,
            "enable_dns_hostnames": false,
            "enable_dns_support": true,
            "id": "vpc-06f3181b605dc5134",
            "instance_tenancy": "default",
            "ipv6_association_id": "",
            "ipv6_cidr_block": "",
            "main_route_table_id": "rtb-0d8b89caaba36ba02",
            "owner_id": "248250821541",
            "tags": {
              "Name": "My_Terra_VPC"
            }
          },
          "private": "eyJzY2hlbWFfdmVyc2lvbiI6IjEifQ=="
        }
      ]
    }
  ]
}
