{
  "version": 4,
  "terraform_version": "0.13.5",
  "serial": 152,
  "lineage": "b4c1cc11-9e94-3300-ad0b-6d4b6c5e5c5e",
  "outputs": {},
  "resources": [
    {
      "mode": "managed",
      "type": "aws_db_parameter_group",
      "name": "para_9th",
      "provider": "provider[\"registry.terraform.io/hashicorp/aws\"]",
      "instances": [
        {
          "schema_version": 0,
          "attributes": {
            "arn": "arn:aws:rds:us-east-1:248250821541:pg:mysql-para",
            "description": "Managed by Terraform",
            "family": "mysql5.6",
            "id": "mysql-para",
            "name": "mysql-para",
            "name_prefix": null,
            "parameter": [],
            "tags": {}
          }
        }
      ]
    },
    {
      "mode": "managed",
      "type": "aws_db_subnet_group",
      "name": "db_subnet",
      "provider": "provider[\"registry.terraform.io/hashicorp/aws\"]",
      "instances": [
        {
          "schema_version": 0,
          "attributes": {
            "arn": "arn:aws:rds:us-east-1:248250821541:subgrp:mysql-subnet",
            "description": "Managed by Terraform",
            "id": "mysql-subnet",
            "name": "mysql-subnet",
            "name_prefix": null,
            "subnet_ids": [
              "subnet-008455404cfec7bec",
              "subnet-052eedff07cb47e83"
            ],
            "tags": {}
          }
        }
      ]
    },
    {
      "mode": "managed",
      "type": "aws_subnet",
      "name": "subnet_private_1",
      "provider": "provider[\"registry.terraform.io/hashicorp/aws\"]",
      "instances": [
        {
          "schema_version": 1,
          "attributes": {
            "arn": "arn:aws:ec2:us-east-1:248250821541:subnet/subnet-052eedff07cb47e83",
            "assign_ipv6_address_on_creation": false,
            "availability_zone": "us-east-1b",
            "availability_zone_id": "use1-az6",
            "cidr_block": "10.0.2.0/28",
            "id": "subnet-052eedff07cb47e83",
            "ipv6_cidr_block": "",
            "ipv6_cidr_block_association_id": "",
            "map_public_ip_on_launch": false,
            "outpost_arn": "",
            "owner_id": "248250821541",
            "tags": {
              "Name": "Subnet_private_1"
            },
            "timeouts": null,
            "vpc_id": "vpc-031852ce8780c3b07"
          },
          "private": "eyJlMmJmYjczMC1lY2FhLTExZTYtOGY4OC0zNDM2M2JjN2M0YzAiOnsiY3JlYXRlIjo2MDAwMDAwMDAwMDAsImRlbGV0ZSI6MTIwMDAwMDAwMDAwMH0sInNjaGVtYV92ZXJzaW9uIjoiMSJ9",
          "dependencies": [
            "aws_vpc.myvpc"
          ]
        }
      ]
    },
    {
      "mode": "managed",
      "type": "aws_subnet",
      "name": "subnet_private_2",
      "provider": "provider[\"registry.terraform.io/hashicorp/aws\"]",
      "instances": [
        {
          "schema_version": 1,
          "attributes": {
            "arn": "arn:aws:ec2:us-east-1:248250821541:subnet/subnet-008455404cfec7bec",
            "assign_ipv6_address_on_creation": false,
            "availability_zone": "us-east-1c",
            "availability_zone_id": "use1-az1",
            "cidr_block": "10.0.3.0/28",
            "id": "subnet-008455404cfec7bec",
            "ipv6_cidr_block": "",
            "ipv6_cidr_block_association_id": "",
            "map_public_ip_on_launch": false,
            "outpost_arn": "",
            "owner_id": "248250821541",
            "tags": {
              "Name": "Subnet_private_2"
            },
            "timeouts": null,
            "vpc_id": "vpc-031852ce8780c3b07"
          },
          "private": "eyJlMmJmYjczMC1lY2FhLTExZTYtOGY4OC0zNDM2M2JjN2M0YzAiOnsiY3JlYXRlIjo2MDAwMDAwMDAwMDAsImRlbGV0ZSI6MTIwMDAwMDAwMDAwMH0sInNjaGVtYV92ZXJzaW9uIjoiMSJ9",
          "dependencies": [
            "aws_vpc.myvpc"
          ]
        }
      ]
    },
    {
      "mode": "managed",
      "type": "aws_vpc",
      "name": "myvpc",
      "provider": "provider[\"registry.terraform.io/hashicorp/aws\"]",
      "instances": [
        {
          "schema_version": 1,
          "attributes": {
            "arn": "arn:aws:ec2:us-east-1:248250821541:vpc/vpc-031852ce8780c3b07",
            "assign_generated_ipv6_cidr_block": false,
            "cidr_block": "10.0.0.0/16",
            "default_network_acl_id": "acl-0538ebfb904221f70",
            "default_route_table_id": "rtb-0149b3e02f8f23163",
            "default_security_group_id": "sg-054a930334d666695",
            "dhcp_options_id": "dopt-4eaf4a34",
            "enable_classiclink": false,
            "enable_classiclink_dns_support": false,
            "enable_dns_hostnames": false,
            "enable_dns_support": true,
            "id": "vpc-031852ce8780c3b07",
            "instance_tenancy": "default",
            "ipv6_association_id": "",
            "ipv6_cidr_block": "",
            "main_route_table_id": "rtb-0149b3e02f8f23163",
            "owner_id": "248250821541",
            "tags": {
              "Name": "My_Terra_VPC"
            }
          },
          "private": "eyJzY2hlbWFfdmVyc2lvbiI6IjEifQ=="
        }
      ]
    }
  ]
}
